
Microsoft Visual Studio Solution File, Format Version 12.00
# Visual Studio Version 16
VisualStudioVersion = 16.0.30503.244
MinimumVisualStudioVersion = 10.0.40219.1
Project("{9A19103F-16F7-4668-BE54-9A1E7A4F7556}") = "WpfApp1", "WpfApp1\WpfApp1.csproj", "{937F4BAE-1F95-4CDE-AF36-8C32C4927AF7}"
EndProject
Project("{9A19103F-16F7-4668-BE54-9A1E7A4F7556}") = "Util", "Util\Util.csproj", "{D57F45F9-585A-46DF-A113-FFE0A17B0029}"
EndProject
Project("{9A19103F-16F7-4668-BE54-9A1E7A4F7556}") = "WpfBase", "WpfBase\WpfBase.csproj", "{D8802F66-63E7-41EE-BB01-521C065D6452}"
EndProject
Project("{2150E333-8FDC-42A3-9474-1A3956D46DE8}") = "01.Comm", "01.Comm", "{8B097ABF-E729-497C-8A9A-5D29E1F5214B}"
EndProject
Project("{2150E333-8FDC-42A3-9474-1A3956D46DE8}") = "02.Client", "02.Client", "{B0B89CD9-5D29-47BD-851E-609974C21CEF}"
EndProject
Project("{9A19103F-16F7-4668-BE54-9A1E7A4F7556}") = "LiteEntity", "LiteEntity\LiteEntity.csproj", "{A008BC58-F008-406D-88AE-A26A72039704}"
EndProject
Project("{9A19103F-16F7-4668-BE54-9A1E7A4F7556}") = "KnowledgeGraph", "KnowledgeGraph\KnowledgeGraph.csproj", "{2B62D212-633B-47D4-B6F4-ECB383CB7583}"
EndProject
Project("{9A19103F-16F7-4668-BE54-9A1E7A4F7556}") = "Knowledge", "Knowledge\Knowledge.csproj", "{AD810863-8414-480B-A3FA-6822801F2AD8}"
EndProject
Project("{9A19103F-16F7-4668-BE54-9A1E7A4F7556}") = "KnowledgeAPI", "KnowledgeAPI\KnowledgeAPI.csproj", "{03FBF079-5F54-4FB3-A146-B9CA1A4ECD4E}"
EndProject
Project("{9A19103F-16F7-4668-BE54-9A1E7A4F7556}") = "NKnowledge", "NKnowledge\NKnowledge.csproj", "{FCA17F33-BAEB-4254-B333-907816C50037}"
EndProject
Project("{9A19103F-16F7-4668-BE54-9A1E7A4F7556}") = "KnowledgeWeb", "KnowledgeWeb\KnowledgeWeb.csproj", "{32DFC669-C28E-42B3-BDD2-C67BC3C47E02}"
EndProject
Project("{FAE04EC0-301F-11D3-BF4B-00C04F79EFBC}") = "WpfApp2", "WpfApp2\WpfApp2.csproj", "{E878573E-3EC6-4CBD-9E25-91B379A92145}"
EndProject
Global
	GlobalSection(SolutionConfigurationPlatforms) = preSolution
		Debug|Any CPU = Debug|Any CPU
		Release|Any CPU = Release|Any CPU
	EndGlobalSection
	GlobalSection(ProjectConfigurationPlatforms) = postSolution
		{937F4BAE-1F95-4CDE-AF36-8C32C4927AF7}.Debug|Any CPU.ActiveCfg = Debug|Any CPU
		{937F4BAE-1F95-4CDE-AF36-8C32C4927AF7}.Debug|Any CPU.Build.0 = Debug|Any CPU
		{937F4BAE-1F95-4CDE-AF36-8C32C4927AF7}.Release|Any CPU.ActiveCfg = Release|Any CPU
		{937F4BAE-1F95-4CDE-AF36-8C32C4927AF7}.Release|Any CPU.Build.0 = Release|Any CPU
		{D57F45F9-585A-46DF-A113-FFE0A17B0029}.Debug|Any CPU.ActiveCfg = Debug|Any CPU
		{D57F45F9-585A-46DF-A113-FFE0A17B0029}.Debug|Any CPU.Build.0 = Debug|Any CPU
		{D57F45F9-585A-46DF-A113-FFE0A17B0029}.Release|Any CPU.ActiveCfg = Release|Any CPU
		{D57F45F9-585A-46DF-A113-FFE0A17B0029}.Release|Any CPU.Build.0 = Release|Any CPU
		{D8802F66-63E7-41EE-BB01-521C065D6452}.Debug|Any CPU.ActiveCfg = Debug|Any CPU
		{D8802F66-63E7-41EE-BB01-521C065D6452}.Debug|Any CPU.Build.0 = Debug|Any CPU
		{D8802F66-63E7-41EE-BB01-521C065D6452}.Release|Any CPU.ActiveCfg = Release|Any CPU
		{D8802F66-63E7-41EE-BB01-521C065D6452}.Release|Any CPU.Build.0 = Release|Any CPU
		{A008BC58-F008-406D-88AE-A26A72039704}.Debug|Any CPU.ActiveCfg = Debug|Any CPU
		{A008BC58-F008-406D-88AE-A26A72039704}.Debug|Any CPU.Build.0 = Debug|Any CPU
		{A008BC58-F008-406D-88AE-A26A72039704}.Release|Any CPU.ActiveCfg = Release|Any CPU
		{A008BC58-F008-406D-88AE-A26A72039704}.Release|Any CPU.Build.0 = Release|Any CPU
		{2B62D212-633B-47D4-B6F4-ECB383CB7583}.Debug|Any CPU.ActiveCfg = Debug|Any CPU
		{2B62D212-633B-47D4-B6F4-ECB383CB7583}.Debug|Any CPU.Build.0 = Debug|Any CPU
		{2B62D212-633B-47D4-B6F4-ECB383CB7583}.Release|Any CPU.ActiveCfg = Release|Any CPU
		{2B62D212-633B-47D4-B6F4-ECB383CB7583}.Release|Any CPU.Build.0 = Release|Any CPU
		{AD810863-8414-480B-A3FA-6822801F2AD8}.Debug|Any CPU.ActiveCfg = Debug|Any CPU
		{AD810863-8414-480B-A3FA-6822801F2AD8}.Debug|Any CPU.Build.0 = Debug|Any CPU
		{AD810863-8414-480B-A3FA-6822801F2AD8}.Release|Any CPU.ActiveCfg = Release|Any CPU
		{AD810863-8414-480B-A3FA-6822801F2AD8}.Release|Any CPU.Build.0 = Release|Any CPU
		{03FBF079-5F54-4FB3-A146-B9CA1A4ECD4E}.Debug|Any CPU.ActiveCfg = Debug|Any CPU
		{03FBF079-5F54-4FB3-A146-B9CA1A4ECD4E}.Debug|Any CPU.Build.0 = Debug|Any CPU
		{03FBF079-5F54-4FB3-A146-B9CA1A4ECD4E}.Release|Any CPU.ActiveCfg = Release|Any CPU
		{03FBF079-5F54-4FB3-A146-B9CA1A4ECD4E}.Release|Any CPU.Build.0 = Release|Any CPU
		{FCA17F33-BAEB-4254-B333-907816C50037}.Debug|Any CPU.ActiveCfg = Debug|Any CPU
		{FCA17F33-BAEB-4254-B333-907816C50037}.Debug|Any CPU.Build.0 = Debug|Any CPU
		{FCA17F33-BAEB-4254-B333-907816C50037}.Release|Any CPU.ActiveCfg = Release|Any CPU
		{FCA17F33-BAEB-4254-B333-907816C50037}.Release|Any CPU.Build.0 = Release|Any CPU
		{32DFC669-C28E-42B3-BDD2-C67BC3C47E02}.Debug|Any CPU.ActiveCfg = Debug|Any CPU
		{32DFC669-C28E-42B3-BDD2-C67BC3C47E02}.Debug|Any CPU.Build.0 = Debug|Any CPU
		{32DFC669-C28E-42B3-BDD2-C67BC3C47E02}.Release|Any CPU.ActiveCfg = Release|Any CPU
		{32DFC669-C28E-42B3-BDD2-C67BC3C47E02}.Release|Any CPU.Build.0 = Release|Any CPU
		{E878573E-3EC6-4CBD-9E25-91B379A92145}.Debug|Any CPU.ActiveCfg = Debug|Any CPU
		{E878573E-3EC6-4CBD-9E25-91B379A92145}.Debug|Any CPU.Build.0 = Debug|Any CPU
		{E878573E-3EC6-4CBD-9E25-91B379A92145}.Release|Any CPU.ActiveCfg = Release|Any CPU
		{E878573E-3EC6-4CBD-9E25-91B379A92145}.Release|Any CPU.Build.0 = Release|Any CPU
	EndGlobalSection
	GlobalSection(SolutionProperties) = preSolution
		HideSolutionNode = FALSE
	EndGlobalSection
	GlobalSection(NestedProjects) = preSolution
		{937F4BAE-1F95-4CDE-AF36-8C32C4927AF7} = {B0B89CD9-5D29-47BD-851E-609974C21CEF}
		{D57F45F9-585A-46DF-A113-FFE0A17B0029} = {8B097ABF-E729-497C-8A9A-5D29E1F5214B}
		{D8802F66-63E7-41EE-BB01-521C065D6452} = {8B097ABF-E729-497C-8A9A-5D29E1F5214B}
		{A008BC58-F008-406D-88AE-A26A72039704} = {B0B89CD9-5D29-47BD-851E-609974C21CEF}
		{2B62D212-633B-47D4-B6F4-ECB383CB7583} = {B0B89CD9-5D29-47BD-851E-609974C21CEF}
		{AD810863-8414-480B-A3FA-6822801F2AD8} = {B0B89CD9-5D29-47BD-851E-609974C21CEF}
		{03FBF079-5F54-4FB3-A146-B9CA1A4ECD4E} = {B0B89CD9-5D29-47BD-851E-609974C21CEF}
		{FCA17F33-BAEB-4254-B333-907816C50037} = {B0B89CD9-5D29-47BD-851E-609974C21CEF}
		{32DFC669-C28E-42B3-BDD2-C67BC3C47E02} = {B0B89CD9-5D29-47BD-851E-609974C21CEF}
		{E878573E-3EC6-4CBD-9E25-91B379A92145} = {B0B89CD9-5D29-47BD-851E-609974C21CEF}
	EndGlobalSection
	GlobalSection(ExtensibilityGlobals) = postSolution
		SolutionGuid = {13355AEB-DFBD-4DE7-AE60-EDD41DD676F5}
	EndGlobalSection
EndGlobal
